
Microsoft Visual Studio Solution File, Format Version 12.00
# Visual Studio Version 17
VisualStudioVersion = 17.9.34728.123
MinimumVisualStudioVersion = 10.0.40219.1
Project("{FAE04EC0-301F-11D3-BF4B-00C04F79EFBC}") = "banking_app", "banking_app.csproj", "{45C63B87-B77E-40A2-94BF-E88C1C8D16F0}"
EndProject
Global
	GlobalSection(SolutionConfigurationPlatforms) = preSolution
		Debug|Any CPU = Debug|Any CPU
		Release|Any CPU = Release|Any CPU
	EndGlobalSection
	GlobalSection(ProjectConfigurationPlatforms) = postSolution
		{45C63B87-B77E-40A2-94BF-E88C1C8D16F0}.Debug|Any CPU.ActiveCfg = Debug|Any CPU
		{45C63B87-B77E-40A2-94BF-E88C1C8D16F0}.Debug|Any CPU.Build.0 = Debug|Any CPU
		{45C63B87-B77E-40A2-94BF-E88C1C8D16F0}.Release|Any CPU.ActiveCfg = Release|Any CPU
		{45C63B87-B77E-40A2-94BF-E88C1C8D16F0}.Release|Any CPU.Build.0 = Release|Any CPU
	EndGlobalSection
	GlobalSection(SolutionProperties) = preSolution
		HideSolutionNode = FALSE
	EndGlobalSection
	GlobalSection(ExtensibilityGlobals) = postSolution
		SolutionGuid = {B5D700A9-F317-45A7-A751-352DA5943012}
	EndGlobalSection
EndGlobal
